<?xml version="1.0" encoding="UTF-8"?>
<CodeBlocks_project_file>
	<FileVersion major="1" minor="6"/>
	<Project>
		<Option title="CT-TOOLKIT"/>
		<Option makefile_is_custom="1"/>
		<Option compiler="clang"/>
		<Option virtualFolders="CMake Files\;CMake Files\..\;CMake Files\..\..\;CMake Files\..\..\..\;CMake Files\..\..\..\..\;CMake Files\..\..\..\..\..\;CMake Files\..\..\..\..\..\..\;CMake Files\..\..\..\..\..\..\usr\;CMake Files\..\..\..\..\..\..\usr\lib64\;CMake Files\..\..\..\..\..\..\usr\lib64\cmake\;CMake Files\..\..\..\..\..\..\usr\lib64\cmake\Qt6\;CMake Files\..\..\..\..\..\..\usr\lib64\cmake\Qt6Widgets\;CMake Files\..\..\..\..\..\..\usr\lib64\cmake\Qt6WidgetsTools\;CMake Files\..\..\..\..\..\..\usr\lib64\cmake\Qt6CoreTools\;CMake Files\..\..\..\..\..\..\usr\lib64\cmake\Qt6GuiTools\;CMake Files\..\..\..\..\..\..\usr\lib64\cmake\Qt6Core\;CMake Files\..\..\..\..\..\..\usr\lib64\cmake\Qt6Gui\;CMake Files\..\..\..\..\..\..\usr\lib64\cmake\Qt6LinguistTools\;CMake Files\..\..\..\..\..\..\usr\lib\;CMake Files\..\..\..\..\..\..\usr\lib\cmake\;CMake Files\..\..\..\..\..\..\usr\lib\cmake\Qt6\;CMake Files\..\..\..\..\..\..\usr\lib\cmake\Qt6\3rdparty\;CMake Files\..\..\..\..\..\..\usr\lib\cmake\Qt6\3rdparty\kwin\;"/>
		<Build>
			<Target title="all">
				<Option working_dir="/home/michele/Documents/projects/ct-toolkit/build-src-Desktop-Release"/>
				<Option type="4"/>
				<MakeCommands>
					<Build command="/usr/bin/make -j8 -f &quot;/home/michele/Documents/projects/ct-toolkit/build-src-Desktop-Release/Makefile&quot;  VERBOSE=1 all"/>
					<CompileFile command="/usr/bin/make -j8 -f &quot;/home/michele/Documents/projects/ct-toolkit/build-src-Desktop-Release/Makefile&quot;  VERBOSE=1 &quot;$file&quot;"/>
					<Clean command="/usr/bin/make -j8 -f &quot;/home/michele/Documents/projects/ct-toolkit/build-src-Desktop-Release/Makefile&quot;  VERBOSE=1 clean"/>
					<DistClean command="/usr/bin/make -j8 -f &quot;/home/michele/Documents/projects/ct-toolkit/build-src-Desktop-Release/Makefile&quot;  VERBOSE=1 clean"/>
				</MakeCommands>
			</Target>
			<Target title="rebuild_cache">
				<Option working_dir="/home/michele/Documents/projects/ct-toolkit/build-src-Desktop-Release"/>
				<Option type="4"/>
				<MakeCommands>
					<Build command="/usr/bin/make -j8 -f &quot;/home/michele/Documents/projects/ct-toolkit/build-src-Desktop-Release/Makefile&quot;  VERBOSE=1 rebuild_cache"/>
					<CompileFile command="/usr/bin/make -j8 -f &quot;/home/michele/Documents/projects/ct-toolkit/build-src-Desktop-Release/Makefile&quot;  VERBOSE=1 &quot;$file&quot;"/>
					<Clean command="/usr/bin/make -j8 -f &quot;/home/michele/Documents/projects/ct-toolkit/build-src-Desktop-Release/Makefile&quot;  VERBOSE=1 clean"/>
					<DistClean command="/usr/bin/make -j8 -f &quot;/home/michele/Documents/projects/ct-toolkit/build-src-Desktop-Release/Makefile&quot;  VERBOSE=1 clean"/>
				</MakeCommands>
			</Target>
			<Target title="edit_cache">
				<Option working_dir="/home/michele/Documents/projects/ct-toolkit/build-src-Desktop-Release"/>
				<Option type="4"/>
				<MakeCommands>
					<Build command="/usr/bin/make -j8 -f &quot;/home/michele/Documents/projects/ct-toolkit/build-src-Desktop-Release/Makefile&quot;  VERBOSE=1 edit_cache"/>
					<CompileFile command="/usr/bin/make -j8 -f &quot;/home/michele/Documents/projects/ct-toolkit/build-src-Desktop-Release/Makefile&quot;  VERBOSE=1 &quot;$file&quot;"/>
					<Clean command="/usr/bin/make -j8 -f &quot;/home/michele/Documents/projects/ct-toolkit/build-src-Desktop-Release/Makefile&quot;  VERBOSE=1 clean"/>
					<DistClean command="/usr/bin/make -j8 -f &quot;/home/michele/Documents/projects/ct-toolkit/build-src-Desktop-Release/Makefile&quot;  VERBOSE=1 clean"/>
				</MakeCommands>
			</Target>
			<Target title="CT-TOOLKIT">
				<Option output="/home/michele/Documents/projects/ct-toolkit/build-src-Desktop-Release/CT-TOOLKIT" prefix_auto="0" extension_auto="0"/>
				<Option working_dir="/home/michele/Documents/projects/ct-toolkit/build-src-Desktop-Release"/>
				<Option object_output="./"/>
				<Option type="1"/>
				<Option compiler="clang"/>
				<Compiler>
					<Add option="-DQT_CORE_LIB"/>
					<Add option="-DQT_NO_DEBUG"/>
					<Add option="-DQT_WIDGETS_LIB"/>
					<Add option="-DQT_GUI_LIB"/>
					<Add directory="/home/michele/Documents/projects/ct-toolkit/build-src-Desktop-Release"/>
					<Add directory="/home/michele/Documents/projects/ct-toolkit/src"/>
					<Add directory="/home/michele/Documents/projects/ct-toolkit/build-src-Desktop-Release/CT-TOOLKIT_autogen/include"/>
					<Add directory="/usr/include/qt6/QtCore"/>
					<Add directory="/usr/include/qt6"/>
					<Add directory="/usr/lib/qt6/mkspecs/linux-g++"/>
					<Add directory="/usr/include/qt6/QtWidgets"/>
					<Add directory="/usr/include/qt6/QtGui"/>
					<Add directory="/usr/include"/>
					<Add directory="/usr/bin/../lib64/gcc/x86_64-pc-linux-gnu/10.2.0/../../../../include/c++/10.2.0"/>
					<Add directory="/usr/bin/../lib64/gcc/x86_64-pc-linux-gnu/10.2.0/../../../../include/c++/10.2.0/x86_64-pc-linux-gnu"/>
					<Add directory="/usr/bin/../lib64/gcc/x86_64-pc-linux-gnu/10.2.0/../../../../include/c++/10.2.0/backward"/>
					<Add directory="/usr/local/include"/>
					<Add directory="/usr/lib/clang/11.1.0/include"/>
				</Compiler>
				<MakeCommands>
					<Build command="/usr/bin/make -j8 -f &quot;/home/michele/Documents/projects/ct-toolkit/build-src-Desktop-Release/Makefile&quot;  VERBOSE=1 CT-TOOLKIT"/>
					<CompileFile command="/usr/bin/make -j8 -f &quot;/home/michele/Documents/projects/ct-toolkit/build-src-Desktop-Release/Makefile&quot;  VERBOSE=1 &quot;$file&quot;"/>
					<Clean command="/usr/bin/make -j8 -f &quot;/home/michele/Documents/projects/ct-toolkit/build-src-Desktop-Release/Makefile&quot;  VERBOSE=1 clean"/>
					<DistClean command="/usr/bin/make -j8 -f &quot;/home/michele/Documents/projects/ct-toolkit/build-src-Desktop-Release/Makefile&quot;  VERBOSE=1 clean"/>
				</MakeCommands>
			</Target>
			<Target title="CT-TOOLKIT/fast">
				<Option output="/home/michele/Documents/projects/ct-toolkit/build-src-Desktop-Release/CT-TOOLKIT" prefix_auto="0" extension_auto="0"/>
				<Option working_dir="/home/michele/Documents/projects/ct-toolkit/build-src-Desktop-Release"/>
				<Option object_output="./"/>
				<Option type="1"/>
				<Option compiler="clang"/>
				<Compiler>
					<Add option="-DQT_CORE_LIB"/>
					<Add option="-DQT_NO_DEBUG"/>
					<Add option="-DQT_WIDGETS_LIB"/>
					<Add option="-DQT_GUI_LIB"/>
					<Add directory="/home/michele/Documents/projects/ct-toolkit/build-src-Desktop-Release"/>
					<Add directory="/home/michele/Documents/projects/ct-toolkit/src"/>
					<Add directory="/home/michele/Documents/projects/ct-toolkit/build-src-Desktop-Release/CT-TOOLKIT_autogen/include"/>
					<Add directory="/usr/include/qt6/QtCore"/>
					<Add directory="/usr/include/qt6"/>
					<Add directory="/usr/lib/qt6/mkspecs/linux-g++"/>
					<Add directory="/usr/include/qt6/QtWidgets"/>
					<Add directory="/usr/include/qt6/QtGui"/>
					<Add directory="/usr/include"/>
					<Add directory="/usr/bin/../lib64/gcc/x86_64-pc-linux-gnu/10.2.0/../../../../include/c++/10.2.0"/>
					<Add directory="/usr/bin/../lib64/gcc/x86_64-pc-linux-gnu/10.2.0/../../../../include/c++/10.2.0/x86_64-pc-linux-gnu"/>
					<Add directory="/usr/bin/../lib64/gcc/x86_64-pc-linux-gnu/10.2.0/../../../../include/c++/10.2.0/backward"/>
					<Add directory="/usr/local/include"/>
					<Add directory="/usr/lib/clang/11.1.0/include"/>
				</Compiler>
				<MakeCommands>
					<Build command="/usr/bin/make -j8 -f &quot;/home/michele/Documents/projects/ct-toolkit/build-src-Desktop-Release/Makefile&quot;  VERBOSE=1 CT-TOOLKIT/fast"/>
					<CompileFile command="/usr/bin/make -j8 -f &quot;/home/michele/Documents/projects/ct-toolkit/build-src-Desktop-Release/Makefile&quot;  VERBOSE=1 &quot;$file&quot;"/>
					<Clean command="/usr/bin/make -j8 -f &quot;/home/michele/Documents/projects/ct-toolkit/build-src-Desktop-Release/Makefile&quot;  VERBOSE=1 clean"/>
					<DistClean command="/usr/bin/make -j8 -f &quot;/home/michele/Documents/projects/ct-toolkit/build-src-Desktop-Release/Makefile&quot;  VERBOSE=1 clean"/>
				</MakeCommands>
			</Target>
			<Target title="CT-TOOLKIT_autogen">
				<Option working_dir="/home/michele/Documents/projects/ct-toolkit/build-src-Desktop-Release"/>
				<Option type="4"/>
				<MakeCommands>
					<Build command="/usr/bin/make -j8 -f &quot;/home/michele/Documents/projects/ct-toolkit/build-src-Desktop-Release/Makefile&quot;  VERBOSE=1 CT-TOOLKIT_autogen"/>
					<CompileFile command="/usr/bin/make -j8 -f &quot;/home/michele/Documents/projects/ct-toolkit/build-src-Desktop-Release/Makefile&quot;  VERBOSE=1 &quot;$file&quot;"/>
					<Clean command="/usr/bin/make -j8 -f &quot;/home/michele/Documents/projects/ct-toolkit/build-src-Desktop-Release/Makefile&quot;  VERBOSE=1 clean"/>
					<DistClean command="/usr/bin/make -j8 -f &quot;/home/michele/Documents/projects/ct-toolkit/build-src-Desktop-Release/Makefile&quot;  VERBOSE=1 clean"/>
				</MakeCommands>
			</Target>
		</Build>
		<Unit filename="/home/michele/Documents/projects/ct-toolkit/build-src-Desktop-Release/CT-TOOLKIT_autogen/mocs_compilation.cpp">
			<Option target="CT-TOOLKIT"/>
		</Unit>
		<Unit filename="/home/michele/Documents/projects/ct-toolkit/src/app/binarytools.cpp">
			<Option target="CT-TOOLKIT"/>
		</Unit>
		<Unit filename="/home/michele/Documents/projects/ct-toolkit/src/app/binarytools.hpp">
			<Option target="CT-TOOLKIT"/>
		</Unit>
		<Unit filename="/home/michele/Documents/projects/ct-toolkit/src/app/bmp.cpp">
			<Option target="CT-TOOLKIT"/>
		</Unit>
		<Unit filename="/home/michele/Documents/projects/ct-toolkit/src/app/bmp.hpp">
			<Option target="CT-TOOLKIT"/>
		</Unit>
		<Unit filename="/home/michele/Documents/projects/ct-toolkit/src/app/filehelpers.cpp">
			<Option target="CT-TOOLKIT"/>
		</Unit>
		<Unit filename="/home/michele/Documents/projects/ct-toolkit/src/app/filehelpers.hpp">
			<Option target="CT-TOOLKIT"/>
		</Unit>
		<Unit filename="/home/michele/Documents/projects/ct-toolkit/src/app/quadtree.cpp">
			<Option target="CT-TOOLKIT"/>
		</Unit>
		<Unit filename="/home/michele/Documents/projects/ct-toolkit/src/app/quadtree.hpp">
			<Option target="CT-TOOLKIT"/>
		</Unit>
		<Unit filename="/home/michele/Documents/projects/ct-toolkit/src/gui/mainwindow.cpp">
			<Option target="CT-TOOLKIT"/>
		</Unit>
		<Unit filename="/home/michele/Documents/projects/ct-toolkit/src/gui/mainwindow.h">
			<Option target="CT-TOOLKIT"/>
		</Unit>
		<Unit filename="/home/michele/Documents/projects/ct-toolkit/src/gui/mainwindow.ui">
			<Option target="CT-TOOLKIT"/>
		</Unit>
		<Unit filename="/home/michele/Documents/projects/ct-toolkit/src/main.cpp">
			<Option target="CT-TOOLKIT"/>
		</Unit>
		<Unit filename="/home/michele/Documents/projects/ct-toolkit/src/CMakeLists.txt">
			<Option virtualFolder="CMake Files\"/>
		</Unit>
		<Unit filename="/home/michele/Documents/projects/ct-toolkit/src/../../../../../../usr/lib64/cmake/Qt6/Qt6Config.cmake">
			<Option virtualFolder="CMake Files\..\..\..\..\..\..\usr\lib64\cmake\Qt6\"/>
		</Unit>
		<Unit filename="/home/michele/Documents/projects/ct-toolkit/src/../../../../../../usr/lib64/cmake/Qt6/Qt6ConfigVersion.cmake">
			<Option virtualFolder="CMake Files\..\..\..\..\..\..\usr\lib64\cmake\Qt6\"/>
		</Unit>
		<Unit filename="/home/michele/Documents/projects/ct-toolkit/src/../../../../../../usr/lib64/cmake/Qt6/Qt6Dependencies.cmake">
			<Option virtualFolder="CMake Files\..\..\..\..\..\..\usr\lib64\cmake\Qt6\"/>
		</Unit>
		<Unit filename="/home/michele/Documents/projects/ct-toolkit/src/../../../../../../usr/lib64/cmake/Qt6/Qt6Targets.cmake">
			<Option virtualFolder="CMake Files\..\..\..\..\..\..\usr\lib64\cmake\Qt6\"/>
		</Unit>
		<Unit filename="/home/michele/Documents/projects/ct-toolkit/src/../../../../../../usr/lib64/cmake/Qt6/Qt6VersionlessTargets.cmake">
			<Option virtualFolder="CMake Files\..\..\..\..\..\..\usr\lib64\cmake\Qt6\"/>
		</Unit>
		<Unit filename="/home/michele/Documents/projects/ct-toolkit/src/../../../../../../usr/lib64/cmake/Qt6/QtFeature.cmake">
			<Option virtualFolder="CMake Files\..\..\..\..\..\..\usr\lib64\cmake\Qt6\"/>
		</Unit>
		<Unit filename="/home/michele/Documents/projects/ct-toolkit/src/../../../../../../usr/lib64/cmake/Qt6Widgets/Qt6WidgetsAdditionalTargetInfo.cmake">
			<Option virtualFolder="CMake Files\..\..\..\..\..\..\usr\lib64\cmake\Qt6Widgets\"/>
		</Unit>
		<Unit filename="/home/michele/Documents/projects/ct-toolkit/src/../../../../../../usr/lib64/cmake/Qt6Widgets/Qt6WidgetsConfig.cmake">
			<Option virtualFolder="CMake Files\..\..\..\..\..\..\usr\lib64\cmake\Qt6Widgets\"/>
		</Unit>
		<Unit filename="/home/michele/Documents/projects/ct-toolkit/src/../../../../../../usr/lib64/cmake/Qt6Widgets/Qt6WidgetsConfigVersion.cmake">
			<Option virtualFolder="CMake Files\..\..\..\..\..\..\usr\lib64\cmake\Qt6Widgets\"/>
		</Unit>
		<Unit filename="/home/michele/Documents/projects/ct-toolkit/src/../../../../../../usr/lib64/cmake/Qt6Widgets/Qt6WidgetsDependencies.cmake">
			<Option virtualFolder="CMake Files\..\..\..\..\..\..\usr\lib64\cmake\Qt6Widgets\"/>
		</Unit>
		<Unit filename="/home/michele/Documents/projects/ct-toolkit/src/../../../../../../usr/lib64/cmake/Qt6Widgets/Qt6WidgetsMacros.cmake">
			<Option virtualFolder="CMake Files\..\..\..\..\..\..\usr\lib64\cmake\Qt6Widgets\"/>
		</Unit>
		<Unit filename="/home/michele/Documents/projects/ct-toolkit/src/../../../../../../usr/lib64/cmake/Qt6Widgets/Qt6WidgetsTargets-release.cmake">
			<Option virtualFolder="CMake Files\..\..\..\..\..\..\usr\lib64\cmake\Qt6Widgets\"/>
		</Unit>
		<Unit filename="/home/michele/Documents/projects/ct-toolkit/src/../../../../../../usr/lib64/cmake/Qt6Widgets/Qt6WidgetsTargets.cmake">
			<Option virtualFolder="CMake Files\..\..\..\..\..\..\usr\lib64\cmake\Qt6Widgets\"/>
		</Unit>
		<Unit filename="/home/michele/Documents/projects/ct-toolkit/src/../../../../../../usr/lib64/cmake/Qt6Widgets/Qt6WidgetsVersionlessTargets.cmake">
			<Option virtualFolder="CMake Files\..\..\..\..\..\..\usr\lib64\cmake\Qt6Widgets\"/>
		</Unit>
		<Unit filename="/home/michele/Documents/projects/ct-toolkit/src/../../../../../../usr/lib64/cmake/Qt6WidgetsTools/Qt6WidgetsToolsAdditionalTargetInfo.cmake">
			<Option virtualFolder="CMake Files\..\..\..\..\..\..\usr\lib64\cmake\Qt6WidgetsTools\"/>
		</Unit>
		<Unit filename="/home/michele/Documents/projects/ct-toolkit/src/../../../../../../usr/lib64/cmake/Qt6WidgetsTools/Qt6WidgetsToolsConfig.cmake">
			<Option virtualFolder="CMake Files\..\..\..\..\..\..\usr\lib64\cmake\Qt6WidgetsTools\"/>
		</Unit>
		<Unit filename="/home/michele/Documents/projects/ct-toolkit/src/../../../../../../usr/lib64/cmake/Qt6WidgetsTools/Qt6WidgetsToolsConfigVersion.cmake">
			<Option virtualFolder="CMake Files\..\..\..\..\..\..\usr\lib64\cmake\Qt6WidgetsTools\"/>
		</Unit>
		<Unit filename="/home/michele/Documents/projects/ct-toolkit/src/../../../../../../usr/lib64/cmake/Qt6WidgetsTools/Qt6WidgetsToolsDependencies.cmake">
			<Option virtualFolder="CMake Files\..\..\..\..\..\..\usr\lib64\cmake\Qt6WidgetsTools\"/>
		</Unit>
		<Unit filename="/home/michele/Documents/projects/ct-toolkit/src/../../../../../../usr/lib64/cmake/Qt6WidgetsTools/Qt6WidgetsToolsTargets-release.cmake">
			<Option virtualFolder="CMake Files\..\..\..\..\..\..\usr\lib64\cmake\Qt6WidgetsTools\"/>
		</Unit>
		<Unit filename="/home/michele/Documents/projects/ct-toolkit/src/../../../../../../usr/lib64/cmake/Qt6WidgetsTools/Qt6WidgetsToolsTargets.cmake">
			<Option virtualFolder="CMake Files\..\..\..\..\..\..\usr\lib64\cmake\Qt6WidgetsTools\"/>
		</Unit>
		<Unit filename="/home/michele/Documents/projects/ct-toolkit/src/../../../../../../usr/lib64/cmake/Qt6WidgetsTools/Qt6WidgetsToolsVersionlessTargets.cmake">
			<Option virtualFolder="CMake Files\..\..\..\..\..\..\usr\lib64\cmake\Qt6WidgetsTools\"/>
		</Unit>
		<Unit filename="/home/michele/Documents/projects/ct-toolkit/src/../../../../../../usr/lib64/cmake/Qt6CoreTools/Qt6CoreToolsAdditionalTargetInfo.cmake">
			<Option virtualFolder="CMake Files\..\..\..\..\..\..\usr\lib64\cmake\Qt6CoreTools\"/>
		</Unit>
		<Unit filename="/home/michele/Documents/projects/ct-toolkit/src/../../../../../../usr/lib64/cmake/Qt6CoreTools/Qt6CoreToolsConfig.cmake">
			<Option virtualFolder="CMake Files\..\..\..\..\..\..\usr\lib64\cmake\Qt6CoreTools\"/>
		</Unit>
		<Unit filename="/home/michele/Documents/projects/ct-toolkit/src/../../../../../../usr/lib64/cmake/Qt6CoreTools/Qt6CoreToolsConfigVersion.cmake">
			<Option virtualFolder="CMake Files\..\..\..\..\..\..\usr\lib64\cmake\Qt6CoreTools\"/>
		</Unit>
		<Unit filename="/home/michele/Documents/projects/ct-toolkit/src/../../../../../../usr/lib64/cmake/Qt6CoreTools/Qt6CoreToolsDependencies.cmake">
			<Option virtualFolder="CMake Files\..\..\..\..\..\..\usr\lib64\cmake\Qt6CoreTools\"/>
		</Unit>
		<Unit filename="/home/michele/Documents/projects/ct-toolkit/src/../../../../../../usr/lib64/cmake/Qt6CoreTools/Qt6CoreToolsTargets-release.cmake">
			<Option virtualFolder="CMake Files\..\..\..\..\..\..\usr\lib64\cmake\Qt6CoreTools\"/>
		</Unit>
		<Unit filename="/home/michele/Documents/projects/ct-toolkit/src/../../../../../../usr/lib64/cmake/Qt6CoreTools/Qt6CoreToolsTargets.cmake">
			<Option virtualFolder="CMake Files\..\..\..\..\..\..\usr\lib64\cmake\Qt6CoreTools\"/>
		</Unit>
		<Unit filename="/home/michele/Documents/projects/ct-toolkit/src/../../../../../../usr/lib64/cmake/Qt6CoreTools/Qt6CoreToolsVersionlessTargets.cmake">
			<Option virtualFolder="CMake Files\..\..\..\..\..\..\usr\lib64\cmake\Qt6CoreTools\"/>
		</Unit>
		<Unit filename="/home/michele/Documents/projects/ct-toolkit/src/../../../../../../usr/lib64/cmake/Qt6GuiTools/Qt6GuiToolsAdditionalTargetInfo.cmake">
			<Option virtualFolder="CMake Files\..\..\..\..\..\..\usr\lib64\cmake\Qt6GuiTools\"/>
		</Unit>
		<Unit filename="/home/michele/Documents/projects/ct-toolkit/src/../../../../../../usr/lib64/cmake/Qt6GuiTools/Qt6GuiToolsConfig.cmake">
			<Option virtualFolder="CMake Files\..\..\..\..\..\..\usr\lib64\cmake\Qt6GuiTools\"/>
		</Unit>
		<Unit filename="/home/michele/Documents/projects/ct-toolkit/src/../../../../../../usr/lib64/cmake/Qt6GuiTools/Qt6GuiToolsConfigVersion.cmake">
			<Option virtualFolder="CMake Files\..\..\..\..\..\..\usr\lib64\cmake\Qt6GuiTools\"/>
		</Unit>
		<Unit filename="/home/michele/Documents/projects/ct-toolkit/src/../../../../../../usr/lib64/cmake/Qt6GuiTools/Qt6GuiToolsDependencies.cmake">
			<Option virtualFolder="CMake Files\..\..\..\..\..\..\usr\lib64\cmake\Qt6GuiTools\"/>
		</Unit>
		<Unit filename="/home/michele/Documents/projects/ct-toolkit/src/../../../../../../usr/lib64/cmake/Qt6GuiTools/Qt6GuiToolsTargets-release.cmake">
			<Option virtualFolder="CMake Files\..\..\..\..\..\..\usr\lib64\cmake\Qt6GuiTools\"/>
		</Unit>
		<Unit filename="/home/michele/Documents/projects/ct-toolkit/src/../../../../../../usr/lib64/cmake/Qt6GuiTools/Qt6GuiToolsTargets.cmake">
			<Option virtualFolder="CMake Files\..\..\..\..\..\..\usr\lib64\cmake\Qt6GuiTools\"/>
		</Unit>
		<Unit filename="/home/michele/Documents/projects/ct-toolkit/src/../../../../../../usr/lib64/cmake/Qt6GuiTools/Qt6GuiToolsVersionlessTargets.cmake">
			<Option virtualFolder="CMake Files\..\..\..\..\..\..\usr\lib64\cmake\Qt6GuiTools\"/>
		</Unit>
		<Unit filename="/home/michele/Documents/projects/ct-toolkit/src/../../../../../../usr/lib64/cmake/Qt6Core/Qt6CoreAdditionalTargetInfo.cmake">
			<Option virtualFolder="CMake Files\..\..\..\..\..\..\usr\lib64\cmake\Qt6Core\"/>
		</Unit>
		<Unit filename="/home/michele/Documents/projects/ct-toolkit/src/../../../../../../usr/lib64/cmake/Qt6Core/Qt6CoreConfig.cmake">
			<Option virtualFolder="CMake Files\..\..\..\..\..\..\usr\lib64\cmake\Qt6Core\"/>
		</Unit>
		<Unit filename="/home/michele/Documents/projects/ct-toolkit/src/../../../../../../usr/lib64/cmake/Qt6Core/Qt6CoreConfigExtras.cmake">
			<Option virtualFolder="CMake Files\..\..\..\..\..\..\usr\lib64\cmake\Qt6Core\"/>
		</Unit>
		<Unit filename="/home/michele/Documents/projects/ct-toolkit/src/../../../../../../usr/lib64/cmake/Qt6Core/Qt6CoreConfigVersion.cmake">
			<Option virtualFolder="CMake Files\..\..\..\..\..\..\usr\lib64\cmake\Qt6Core\"/>
		</Unit>
		<Unit filename="/home/michele/Documents/projects/ct-toolkit/src/../../../../../../usr/lib64/cmake/Qt6Core/Qt6CoreDependencies.cmake">
			<Option virtualFolder="CMake Files\..\..\..\..\..\..\usr\lib64\cmake\Qt6Core\"/>
		</Unit>
		<Unit filename="/home/michele/Documents/projects/ct-toolkit/src/../../../../../../usr/lib64/cmake/Qt6Core/Qt6CoreMacros.cmake">
			<Option virtualFolder="CMake Files\..\..\..\..\..\..\usr\lib64\cmake\Qt6Core\"/>
		</Unit>
		<Unit filename="/home/michele/Documents/projects/ct-toolkit/src/../../../../../../usr/lib64/cmake/Qt6Core/Qt6CoreTargets-release.cmake">
			<Option virtualFolder="CMake Files\..\..\..\..\..\..\usr\lib64\cmake\Qt6Core\"/>
		</Unit>
		<Unit filename="/home/michele/Documents/projects/ct-toolkit/src/../../../../../../usr/lib64/cmake/Qt6Core/Qt6CoreTargets.cmake">
			<Option virtualFolder="CMake Files\..\..\..\..\..\..\usr\lib64\cmake\Qt6Core\"/>
		</Unit>
		<Unit filename="/home/michele/Documents/projects/ct-toolkit/src/../../../../../../usr/lib64/cmake/Qt6Core/Qt6CoreVersionlessTargets.cmake">
			<Option virtualFolder="CMake Files\..\..\..\..\..\..\usr\lib64\cmake\Qt6Core\"/>
		</Unit>
		<Unit filename="/home/michele/Documents/projects/ct-toolkit/src/../../../../../../usr/lib64/cmake/Qt6Gui/Qt6GuiAdditionalTargetInfo.cmake">
			<Option virtualFolder="CMake Files\..\..\..\..\..\..\usr\lib64\cmake\Qt6Gui\"/>
		</Unit>
		<Unit filename="/home/michele/Documents/projects/ct-toolkit/src/../../../../../../usr/lib64/cmake/Qt6Gui/Qt6GuiConfig.cmake">
			<Option virtualFolder="CMake Files\..\..\..\..\..\..\usr\lib64\cmake\Qt6Gui\"/>
		</Unit>
		<Unit filename="/home/michele/Documents/projects/ct-toolkit/src/../../../../../../usr/lib64/cmake/Qt6Gui/Qt6GuiConfigVersion.cmake">
			<Option virtualFolder="CMake Files\..\..\..\..\..\..\usr\lib64\cmake\Qt6Gui\"/>
		</Unit>
		<Unit filename="/home/michele/Documents/projects/ct-toolkit/src/../../../../../../usr/lib64/cmake/Qt6Gui/Qt6GuiDependencies.cmake">
			<Option virtualFolder="CMake Files\..\..\..\..\..\..\usr\lib64\cmake\Qt6Gui\"/>
		</Unit>
		<Unit filename="/home/michele/Documents/projects/ct-toolkit/src/../../../../../../usr/lib64/cmake/Qt6Gui/Qt6GuiTargets-release.cmake">
			<Option virtualFolder="CMake Files\..\..\..\..\..\..\usr\lib64\cmake\Qt6Gui\"/>
		</Unit>
		<Unit filename="/home/michele/Documents/projects/ct-toolkit/src/../../../../../../usr/lib64/cmake/Qt6Gui/Qt6GuiTargets.cmake">
			<Option virtualFolder="CMake Files\..\..\..\..\..\..\usr\lib64\cmake\Qt6Gui\"/>
		</Unit>
		<Unit filename="/home/michele/Documents/projects/ct-toolkit/src/../../../../../../usr/lib64/cmake/Qt6Gui/Qt6GuiVersionlessTargets.cmake">
			<Option virtualFolder="CMake Files\..\..\..\..\..\..\usr\lib64\cmake\Qt6Gui\"/>
		</Unit>
		<Unit filename="/home/michele/Documents/projects/ct-toolkit/src/../../../../../../usr/lib64/cmake/Qt6LinguistTools/Qt6LinguistToolsAdditionalTargetInfo.cmake">
			<Option virtualFolder="CMake Files\..\..\..\..\..\..\usr\lib64\cmake\Qt6LinguistTools\"/>
		</Unit>
		<Unit filename="/home/michele/Documents/projects/ct-toolkit/src/../../../../../../usr/lib64/cmake/Qt6LinguistTools/Qt6LinguistToolsConfig.cmake">
			<Option virtualFolder="CMake Files\..\..\..\..\..\..\usr\lib64\cmake\Qt6LinguistTools\"/>
		</Unit>
		<Unit filename="/home/michele/Documents/projects/ct-toolkit/src/../../../../../../usr/lib64/cmake/Qt6LinguistTools/Qt6LinguistToolsConfigVersion.cmake">
			<Option virtualFolder="CMake Files\..\..\..\..\..\..\usr\lib64\cmake\Qt6LinguistTools\"/>
		</Unit>
		<Unit filename="/home/michele/Documents/projects/ct-toolkit/src/../../../../../../usr/lib64/cmake/Qt6LinguistTools/Qt6LinguistToolsDependencies.cmake">
			<Option virtualFolder="CMake Files\..\..\..\..\..\..\usr\lib64\cmake\Qt6LinguistTools\"/>
		</Unit>
		<Unit filename="/home/michele/Documents/projects/ct-toolkit/src/../../../../../../usr/lib64/cmake/Qt6LinguistTools/Qt6LinguistToolsMacros.cmake">
			<Option virtualFolder="CMake Files\..\..\..\..\..\..\usr\lib64\cmake\Qt6LinguistTools\"/>
		</Unit>
		<Unit filename="/home/michele/Documents/projects/ct-toolkit/src/../../../../../../usr/lib64/cmake/Qt6LinguistTools/Qt6LinguistToolsTargets-release.cmake">
			<Option virtualFolder="CMake Files\..\..\..\..\..\..\usr\lib64\cmake\Qt6LinguistTools\"/>
		</Unit>
		<Unit filename="/home/michele/Documents/projects/ct-toolkit/src/../../../../../../usr/lib64/cmake/Qt6LinguistTools/Qt6LinguistToolsTargets.cmake">
			<Option virtualFolder="CMake Files\..\..\..\..\..\..\usr\lib64\cmake\Qt6LinguistTools\"/>
		</Unit>
		<Unit filename="/home/michele/Documents/projects/ct-toolkit/src/../../../../../../usr/lib64/cmake/Qt6LinguistTools/Qt6LinguistToolsVersionlessTargets.cmake">
			<Option virtualFolder="CMake Files\..\..\..\..\..\..\usr\lib64\cmake\Qt6LinguistTools\"/>
		</Unit>
		<Unit filename="/home/michele/Documents/projects/ct-toolkit/src/../../../../../../usr/lib/cmake/Qt6/FindWrapAtomic.cmake">
			<Option virtualFolder="CMake Files\..\..\..\..\..\..\usr\lib\cmake\Qt6\"/>
		</Unit>
		<Unit filename="/home/michele/Documents/projects/ct-toolkit/src/../../../../../../usr/lib/cmake/Qt6/FindWrapOpenGL.cmake">
			<Option virtualFolder="CMake Files\..\..\..\..\..\..\usr\lib\cmake\Qt6\"/>
		</Unit>
		<Unit filename="/home/michele/Documents/projects/ct-toolkit/src/../../../../../../usr/lib/cmake/Qt6/QtFeatureCommon.cmake">
			<Option virtualFolder="CMake Files\..\..\..\..\..\..\usr\lib\cmake\Qt6\"/>
		</Unit>
		<Unit filename="/home/michele/Documents/projects/ct-toolkit/src/../../../../../../usr/lib/cmake/Qt6/3rdparty/kwin/FindXKB.cmake">
			<Option virtualFolder="CMake Files\..\..\..\..\..\..\usr\lib\cmake\Qt6\3rdparty\kwin\"/>
		</Unit>
	</Project>
</CodeBlocks_project_file>
